
Microsoft Visual Studio Solution File, Format Version 12.00
# Visual Studio Version 16
VisualStudioVersion = 25.0.1700.0
MinimumVisualStudioVersion = 10.0.40219.1
Project("{FAE04EC0-301F-11D3-BF4B-00C04F79EFBC}") = "MinecraftAnimalsAPIProject", "MinecraftAnimalsAPIProject\MinecraftAnimalsAPIProject.csproj", "{0DF77B63-7C51-4A8D-926F-7B7957A47999}"
EndProject
Global
	GlobalSection(SolutionConfigurationPlatforms) = preSolution
		Debug|Any CPU = Debug|Any CPU
		Release|Any CPU = Release|Any CPU
	EndGlobalSection
	GlobalSection(ProjectConfigurationPlatforms) = postSolution
		{0DF77B63-7C51-4A8D-926F-7B7957A47999}.Debug|Any CPU.ActiveCfg = Debug|Any CPU
		{0DF77B63-7C51-4A8D-926F-7B7957A47999}.Debug|Any CPU.Build.0 = Debug|Any CPU
		{0DF77B63-7C51-4A8D-926F-7B7957A47999}.Release|Any CPU.ActiveCfg = Release|Any CPU
		{0DF77B63-7C51-4A8D-926F-7B7957A47999}.Release|Any CPU.Build.0 = Release|Any CPU
	EndGlobalSection
	GlobalSection(SolutionProperties) = preSolution
		HideSolutionNode = FALSE
	EndGlobalSection
	GlobalSection(ExtensibilityGlobals) = postSolution
		SolutionGuid = {91BE0A5D-7BB6-4B14-857B-271686518219}
	EndGlobalSection
EndGlobal
